
Microsoft Visual Studio Solution File, Format Version 12.00
# Visual Studio Version 17
VisualStudioVersion = 17.0.31903.59
MinimumVisualStudioVersion = 10.0.40219.1
Project("{2150E333-8FDC-42A3-9474-1A3956D46DE8}") = "src", "src", "{397629E6-FC9A-483F-836A-E78D8696938B}"
EndProject
Project("{FAE04EC0-301F-11D3-BF4B-00C04F79EFBC}") = "FactorioModTranslator", "src\FactorioModTranslator\FactorioModTranslator.csproj", "{AB149970-82F4-4019-A723-E9A57082A2C6}"
EndProject
Project("{2150E333-8FDC-42A3-9474-1A3956D46DE8}") = "tests", "tests", "{EE055FB6-EE23-4AA0-975A-0A9D3E695BE7}"
EndProject
Project("{FAE04EC0-301F-11D3-BF4B-00C04F79EFBC}") = "FactorioModTranslator.Tests", "tests\FactorioModTranslator.Tests\FactorioModTranslator.Tests.csproj", "{D6718877-610A-49EE-B18B-B18B2B707E6A}"
EndProject
Global
	GlobalSection(SolutionConfigurationPlatforms) = preSolution
		Debug|Any CPU = Debug|Any CPU
		Release|Any CPU = Release|Any CPU
	EndGlobalSection
	GlobalSection(SolutionProperties) = preSolution
		HideSolutionNode = FALSE
	EndGlobalSection
	GlobalSection(ProjectConfigurationPlatforms) = postSolution
		{AB149970-82F4-4019-A723-E9A57082A2C6}.Debug|Any CPU.ActiveCfg = Debug|Any CPU
		{AB149970-82F4-4019-A723-E9A57082A2C6}.Debug|Any CPU.Build.0 = Debug|Any CPU
		{AB149970-82F4-4019-A723-E9A57082A2C6}.Release|Any CPU.ActiveCfg = Release|Any CPU
		{AB149970-82F4-4019-A723-E9A57082A2C6}.Release|Any CPU.Build.0 = Release|Any CPU
		{D6718877-610A-49EE-B18B-B18B2B707E6A}.Debug|Any CPU.ActiveCfg = Debug|Any CPU
		{D6718877-610A-49EE-B18B-B18B2B707E6A}.Debug|Any CPU.Build.0 = Debug|Any CPU
		{D6718877-610A-49EE-B18B-B18B2B707E6A}.Release|Any CPU.ActiveCfg = Release|Any CPU
		{D6718877-610A-49EE-B18B-B18B2B707E6A}.Release|Any CPU.Build.0 = Release|Any CPU
	EndGlobalSection
	GlobalSection(NestedProjects) = preSolution
		{AB149970-82F4-4019-A723-E9A57082A2C6} = {397629E6-FC9A-483F-836A-E78D8696938B}
		{D6718877-610A-49EE-B18B-B18B2B707E6A} = {EE055FB6-EE23-4AA0-975A-0A9D3E695BE7}
	EndGlobalSection
EndGlobal
